
Microsoft Visual Studio Solution File, Format Version 12.00
# Visual Studio 14
VisualStudioVersion = 14.0.25420.1
MinimumVisualStudioVersion = 10.0.40219.1
Project("{FAE04EC0-301F-11D3-BF4B-00C04F79EFBC}") = "Simple_web_browser", "Simple_web_browser\Simple_web_browser.csproj", "{22E09FFC-3BBF-4160-AD66-3213AB40EDAF}"
EndProject
Global
	GlobalSection(SolutionConfigurationPlatforms) = preSolution
		Debug|Any CPU = Debug|Any CPU
		Release|Any CPU = Release|Any CPU
	EndGlobalSection
	GlobalSection(ProjectConfigurationPlatforms) = postSolution
		{22E09FFC-3BBF-4160-AD66-3213AB40EDAF}.Debug|Any CPU.ActiveCfg = Debug|Any CPU
		{22E09FFC-3BBF-4160-AD66-3213AB40EDAF}.Debug|Any CPU.Build.0 = Debug|Any CPU
		{22E09FFC-3BBF-4160-AD66-3213AB40EDAF}.Release|Any CPU.ActiveCfg = Release|Any CPU
		{22E09FFC-3BBF-4160-AD66-3213AB40EDAF}.Release|Any CPU.Build.0 = Release|Any CPU
	EndGlobalSection
	GlobalSection(SolutionProperties) = preSolution
		HideSolutionNode = FALSE
	EndGlobalSection
EndGlobal
